
Microsoft Visual Studio Solution File, Format Version 12.00
# Visual Studio Version 17
VisualStudioVersion = 17.9.34622.214
MinimumVisualStudioVersion = 10.0.40219.1
Project("{FAE04EC0-301F-11D3-BF4B-00C04F79EFBC}") = "CodeFrequencyAnalyzer", "CodeFrequencyAnalyzer.csproj", "{2AC8FCE3-6AE2-4F0B-BF57-1984B8CA8A97}"
EndProject
Global
	GlobalSection(SolutionConfigurationPlatforms) = preSolution
		Debug|Any CPU = Debug|Any CPU
		Release|Any CPU = Release|Any CPU
	EndGlobalSection
	GlobalSection(ProjectConfigurationPlatforms) = postSolution
		{2AC8FCE3-6AE2-4F0B-BF57-1984B8CA8A97}.Debug|Any CPU.ActiveCfg = Debug|Any CPU
		{2AC8FCE3-6AE2-4F0B-BF57-1984B8CA8A97}.Debug|Any CPU.Build.0 = Debug|Any CPU
		{2AC8FCE3-6AE2-4F0B-BF57-1984B8CA8A97}.Release|Any CPU.ActiveCfg = Release|Any CPU
		{2AC8FCE3-6AE2-4F0B-BF57-1984B8CA8A97}.Release|Any CPU.Build.0 = Release|Any CPU
	EndGlobalSection
	GlobalSection(SolutionProperties) = preSolution
		HideSolutionNode = FALSE
	EndGlobalSection
	GlobalSection(ExtensibilityGlobals) = postSolution
		SolutionGuid = {CBCD7577-8645-4766-8E32-6DF71B78B612}
	EndGlobalSection
EndGlobal
